
Microsoft Visual Studio Solution File, Format Version 12.00
Project("{FAE04EC0-301F-11D3-BF4B-00C04F79EFBC}") = "OCM.Application", "OCM.Application\OCM.Application.csproj", "{CF58FC28-6A8F-43CA-83C2-4B0B18C2B9E0}"
EndProject
Project("{FAE04EC0-301F-11D3-BF4B-00C04F79EFBC}") = "OCM.Web.API", "WebAPI\OCM.Web.API.csproj", "{4DBB8C94-AC93-489F-AB46-824A6B3E9417}"
EndProject
Project("{FAE04EC0-301F-11D3-BF4B-00C04F79EFBC}") = "OCM.Web.Admin", "OCM.Web.Admin\OCM.Web.Admin.csproj", "{BA0E67AC-0F9B-4167-B358-174E69B8B134}"
EndProject
Project("{FAE04EC0-301F-11D3-BF4B-00C04F79EFBC}") = "OCM.Infrastructure", "OCM.Data\OCM.Infrastructure.csproj", "{8117C5BA-22BC-40FA-BD5D-0BAF06C5C640}"
EndProject
Project("{FAE04EC0-301F-11D3-BF4B-00C04F79EFBC}") = "OCM.IoC", "OCM.IoC\OCM.IoC.csproj", "{F2FFCA27-B020-48B0-AE4F-134658EB92A6}"
EndProject
Project("{FAE04EC0-301F-11D3-BF4B-00C04F79EFBC}") = "NeoServer.WebApi.Tests", "..\tests\OCM.WebApi.Tests\NeoServer.WebApi.Tests.csproj", "{BDF91C6C-F0BB-4556-B05E-9EF4847ED317}"
EndProject
Project("{2150E333-8FDC-42A3-9474-1A3956D46DE8}") = "tests", "tests", "{5DFB11D1-542C-46A9-BA0E-B658623A1D32}"
EndProject
Project("{2150E333-8FDC-42A3-9474-1A3956D46DE8}") = "web", "web", "{DF7BE18C-9A58-4BF1-87E5-AF27C130BB11}"
EndProject
Global
	GlobalSection(SolutionConfigurationPlatforms) = preSolution
		Debug|Any CPU = Debug|Any CPU
		Release|Any CPU = Release|Any CPU
	EndGlobalSection
	GlobalSection(ProjectConfigurationPlatforms) = postSolution
		{CF58FC28-6A8F-43CA-83C2-4B0B18C2B9E0}.Debug|Any CPU.ActiveCfg = Debug|Any CPU
		{CF58FC28-6A8F-43CA-83C2-4B0B18C2B9E0}.Debug|Any CPU.Build.0 = Debug|Any CPU
		{CF58FC28-6A8F-43CA-83C2-4B0B18C2B9E0}.Release|Any CPU.ActiveCfg = Release|Any CPU
		{CF58FC28-6A8F-43CA-83C2-4B0B18C2B9E0}.Release|Any CPU.Build.0 = Release|Any CPU
		{4DBB8C94-AC93-489F-AB46-824A6B3E9417}.Debug|Any CPU.ActiveCfg = Debug|Any CPU
		{4DBB8C94-AC93-489F-AB46-824A6B3E9417}.Debug|Any CPU.Build.0 = Debug|Any CPU
		{4DBB8C94-AC93-489F-AB46-824A6B3E9417}.Release|Any CPU.ActiveCfg = Release|Any CPU
		{4DBB8C94-AC93-489F-AB46-824A6B3E9417}.Release|Any CPU.Build.0 = Release|Any CPU
		{BA0E67AC-0F9B-4167-B358-174E69B8B134}.Debug|Any CPU.ActiveCfg = Debug|Any CPU
		{BA0E67AC-0F9B-4167-B358-174E69B8B134}.Debug|Any CPU.Build.0 = Debug|Any CPU
		{BA0E67AC-0F9B-4167-B358-174E69B8B134}.Release|Any CPU.ActiveCfg = Release|Any CPU
		{BA0E67AC-0F9B-4167-B358-174E69B8B134}.Release|Any CPU.Build.0 = Release|Any CPU
		{8117C5BA-22BC-40FA-BD5D-0BAF06C5C640}.Debug|Any CPU.ActiveCfg = Debug|Any CPU
		{8117C5BA-22BC-40FA-BD5D-0BAF06C5C640}.Debug|Any CPU.Build.0 = Debug|Any CPU
		{8117C5BA-22BC-40FA-BD5D-0BAF06C5C640}.Release|Any CPU.ActiveCfg = Release|Any CPU
		{8117C5BA-22BC-40FA-BD5D-0BAF06C5C640}.Release|Any CPU.Build.0 = Release|Any CPU
		{F2FFCA27-B020-48B0-AE4F-134658EB92A6}.Debug|Any CPU.ActiveCfg = Debug|Any CPU
		{F2FFCA27-B020-48B0-AE4F-134658EB92A6}.Debug|Any CPU.Build.0 = Debug|Any CPU
		{F2FFCA27-B020-48B0-AE4F-134658EB92A6}.Release|Any CPU.ActiveCfg = Release|Any CPU
		{F2FFCA27-B020-48B0-AE4F-134658EB92A6}.Release|Any CPU.Build.0 = Release|Any CPU
		{BDF91C6C-F0BB-4556-B05E-9EF4847ED317}.Debug|Any CPU.ActiveCfg = Debug|Any CPU
		{BDF91C6C-F0BB-4556-B05E-9EF4847ED317}.Debug|Any CPU.Build.0 = Debug|Any CPU
		{BDF91C6C-F0BB-4556-B05E-9EF4847ED317}.Release|Any CPU.ActiveCfg = Release|Any CPU
		{BDF91C6C-F0BB-4556-B05E-9EF4847ED317}.Release|Any CPU.Build.0 = Release|Any CPU
	EndGlobalSection
	GlobalSection(NestedProjects) = preSolution
		{BDF91C6C-F0BB-4556-B05E-9EF4847ED317} = {5DFB11D1-542C-46A9-BA0E-B658623A1D32}
		{4DBB8C94-AC93-489F-AB46-824A6B3E9417} = {DF7BE18C-9A58-4BF1-87E5-AF27C130BB11}
		{BA0E67AC-0F9B-4167-B358-174E69B8B134} = {DF7BE18C-9A58-4BF1-87E5-AF27C130BB11}
	EndGlobalSection
EndGlobal
